PODS:
  - _NIODataStructures (2.32.3)
  - CGRPCZlib (1.0.0)
  - CNIOAtomics (2.32.3)
  - CNIOBoringSSL (2.19.0)
  - CNIOBoringSSLShims (2.19.0):
    - CNIOBoringSSL (= 2.19.0)
  - CNIODarwin (2.32.3)
  - CNIOHTTPParser (2.32.3)
  - CNIOLinux (2.32.3)
  - CNIOWindows (2.32.3)
  - gRPC-Swift (1.0.0):
    - CGRPCZlib (= 1.0.0)
    - Logging (< 2.0.0, >= 1.4.0)
    - SwiftNIO (< 3.0.0, >= 2.22.0)
    - SwiftNIOExtras (< 2.0.0, >= 1.4.0)
    - SwiftNIOHTTP2 (< 2.0.0, >= 1.16.1)
    - SwiftNIOSSL (< 3.0.0, >= 2.8.0)
    - SwiftNIOTransportServices (< 2.0.0, >= 1.6.0)
    - SwiftProtobuf (< 2.0.0, >= 1.9.0)
  - Keys (1.0.1)
  - LibMobileCoin/Core (1.2.0-pre10):
    - gRPC-Swift
    - SwiftProtobuf (~> 1.5)
  - Logging (1.4.0)
  - MobileCoin (1.2.0-pre12)
  - MobileCoin/Core (1.2.0-pre12):
    - gRPC-Swift (= 1.0.0)
    - LibMobileCoin/Core (= 1.2.0-pre10)
    - Logging (~> 1.4)
    - SwiftLint
    - SwiftNIO (~> 2.32.0)
    - SwiftNIOHPACK (~> 1.16.3)
    - SwiftNIOHTTP1 (~> 2.32.0)
    - SwiftProtobuf
  - MobileCoin/Core/ProtocolUnitTests (1.2.0-pre12):
    - gRPC-Swift (= 1.0.0)
    - LibMobileCoin/Core (= 1.2.0-pre10)
    - Logging (~> 1.4)
    - SwiftLint
    - SwiftNIO (~> 2.32.0)
    - SwiftNIOHPACK (~> 1.16.3)
    - SwiftNIOHTTP1 (~> 2.32.0)
    - SwiftProtobuf
  - MobileCoin/IntegrationTests (1.2.0-pre12)
  - MobileCoin/PerformanceTests (1.2.0-pre12)
  - MobileCoin/Tests (1.2.0-pre12)
  - SwiftLint (0.47.1)
  - SwiftNIO (2.32.3):
    - SwiftNIOCore (= 2.32.3)
    - SwiftNIOEmbedded (= 2.32.3)
    - SwiftNIOPosix (= 2.32.3)
  - SwiftNIOConcurrencyHelpers (2.32.3):
    - CNIOAtomics (= 2.32.3)
  - SwiftNIOCore (2.32.3):
    - CNIOLinux (= 2.32.3)
    - SwiftNIOConcurrencyHelpers (= 2.32.3)
  - SwiftNIOEmbedded (2.32.3):
    - _NIODataStructures (= 2.32.3)
    - SwiftNIOCore (= 2.32.3)
  - SwiftNIOExtras (1.11.0):
    - _NIODataStructures (< 3, >= 2.32.0)
    - CNIOAtomics (< 3, >= 2.32.0)
    - CNIODarwin (< 3, >= 2.32.0)
    - CNIOLinux (< 3, >= 2.32.0)
    - CNIOWindows (< 3, >= 2.32.0)
    - SwiftNIO (< 3, >= 2.32.0)
    - SwiftNIOConcurrencyHelpers (< 3, >= 2.32.0)
    - SwiftNIOCore (< 3, >= 2.32.0)
    - SwiftNIOEmbedded (< 3, >= 2.32.0)
    - SwiftNIOPosix (< 3, >= 2.32.0)
  - SwiftNIOFoundationCompat (2.32.3):
    - SwiftNIO (= 2.32.3)
    - SwiftNIOCore (= 2.32.3)
  - SwiftNIOHPACK (1.16.3):
    - SwiftNIO (< 3, >= 2.18.0)
    - SwiftNIOConcurrencyHelpers (< 3, >= 2.18.0)
    - SwiftNIOHTTP1 (< 3, >= 2.18.0)
  - SwiftNIOHTTP1 (2.32.3):
    - CNIOHTTPParser (= 2.32.3)
    - SwiftNIO (= 2.32.3)
    - SwiftNIOConcurrencyHelpers (= 2.32.3)
    - SwiftNIOCore (= 2.32.3)
  - SwiftNIOHTTP2 (1.16.3):
    - SwiftNIO (< 3, >= 2.18.0)
    - SwiftNIOConcurrencyHelpers (< 3, >= 2.18.0)
    - SwiftNIOHPACK (= 1.16.3)
    - SwiftNIOHTTP1 (< 3, >= 2.18.0)
    - SwiftNIOTLS (< 3, >= 2.18.0)
  - SwiftNIOPosix (2.32.3):
    - _NIODataStructures (= 2.32.3)
    - CNIODarwin (= 2.32.3)
    - CNIOLinux (= 2.32.3)
    - CNIOWindows (= 2.32.3)
    - SwiftNIOConcurrencyHelpers (= 2.32.3)
    - SwiftNIOCore (= 2.32.3)
  - SwiftNIOSSL (2.19.0):
    - _NIODataStructures (< 3, >= 2.32.0)
    - CNIOAtomics (< 3, >= 2.32.0)
    - CNIOBoringSSL (= 2.19.0)
    - CNIOBoringSSLShims (= 2.19.0)
    - CNIODarwin (< 3, >= 2.32.0)
    - CNIOLinux (< 3, >= 2.32.0)
    - CNIOWindows (< 3, >= 2.32.0)
    - SwiftNIO (< 3, >= 2.32.0)
    - SwiftNIOConcurrencyHelpers (< 3, >= 2.32.0)
    - SwiftNIOCore (< 3, >= 2.32.0)
    - SwiftNIOEmbedded (< 3, >= 2.32.0)
    - SwiftNIOPosix (< 3, >= 2.32.0)
    - SwiftNIOTLS (< 3, >= 2.32.0)
  - SwiftNIOTLS (2.32.3):
    - SwiftNIO (= 2.32.3)
    - SwiftNIOCore (= 2.32.3)
  - SwiftNIOTransportServices (1.12.0):
    - _NIODataStructures (< 3, >= 2.32.0)
    - CNIOAtomics (< 3, >= 2.32.0)
    - CNIODarwin (< 3, >= 2.32.0)
    - CNIOLinux (< 3, >= 2.32.0)
    - CNIOWindows (< 3, >= 2.32.0)
    - SwiftNIO (< 3, >= 2.32.0)
    - SwiftNIOConcurrencyHelpers (< 3, >= 2.32.0)
    - SwiftNIOCore (< 3, >= 2.32.0)
    - SwiftNIOEmbedded (< 3, >= 2.32.0)
    - SwiftNIOFoundationCompat (< 3, >= 2.32.0)
    - SwiftNIOPosix (< 3, >= 2.32.0)
    - SwiftNIOTLS (< 3, >= 2.32.0)
  - SwiftProtobuf (1.19.0)

DEPENDENCIES:
  - gRPC-Swift
  - Keys (from `Pods/CocoaPodsKeys`)
  - LibMobileCoin/Core (from `../Vendor/libmobilecoin-ios-artifacts`)
  - MobileCoin (from `..`)
  - MobileCoin/Core (from `..`)
  - MobileCoin/Core/ProtocolUnitTests (from `..`)
  - MobileCoin/IntegrationTests (from `..`)
  - MobileCoin/PerformanceTests (from `..`)
  - MobileCoin/Tests (from `..`)
  - SwiftLint
  - SwiftProtobuf

SPEC REPOS:
  trunk:
    - _NIODataStructures
    - CGRPCZlib
    - CNIOAtomics
    - CNIOBoringSSL
    - CNIOBoringSSLShims
    - CNIODarwin
    - CNIOHTTPParser
    - CNIOLinux
    - CNIOWindows
    - gRPC-Swift
    - Logging
    - SwiftLint
    - SwiftNIO
    - SwiftNIOConcurrencyHelpers
    - SwiftNIOCore
    - SwiftNIOEmbedded
    - SwiftNIOExtras
    - SwiftNIOFoundationCompat
    - SwiftNIOHPACK
    - SwiftNIOHTTP1
    - SwiftNIOHTTP2
    - SwiftNIOPosix
    - SwiftNIOSSL
    - SwiftNIOTLS
    - SwiftNIOTransportServices
    - SwiftProtobuf

EXTERNAL SOURCES:
  Keys:
    :path: Pods/CocoaPodsKeys
  LibMobileCoin:
    :path: "../Vendor/libmobilecoin-ios-artifacts"
  MobileCoin:
    :path: ".."

SPEC CHECKSUMS:
  _NIODataStructures: e2077c7dc7c1d6c93e698c85fe04d663a17f53a4
  CGRPCZlib: b0c9d704a12fa667f1824ffff20688f191945989
  CNIOAtomics: 4dde57e1838a29a9b23ef91617505f34751cdbe5
  CNIOBoringSSL: 2c9c96c2e95f15e83fb8d26b9738d939cc39ae33
  CNIOBoringSSLShims: c5c9346e7bbd1040f4f8793a35441dda7487539a
  CNIODarwin: 0489511f8486443af71ff986ccd5abbc680ae713
  CNIOHTTPParser: f7a6816f7ddbe7dfa57a74cd36dc2db2c53b56e8
  CNIOLinux: 5921dfefbc4bbe017380b34c510855622147ea41
  CNIOWindows: f5aa9dfb401b440a7b4c9cd911e53e981a787193
  gRPC-Swift: 77154009a019e97f8c4bd8f2bb75fe9726801157
  Keys: a576f4c9c1c641ca913a959a9c62ed3f215a8de9
  LibMobileCoin: 40d2d7d685321a6128871b6c6b4bb7cba25e848f
  Logging: beeb016c9c80cf77042d62e83495816847ef108b
  MobileCoin: 04a2ab9f1f61133731525ad76b467b10a2e960e8
  SwiftLint: f80f1be7fa96d30e0aa68e58d45d4ea1ccaac519
  SwiftNIO: bb336ceef32850e9671d3fa0e0cc2b9add3b5948
  SwiftNIOConcurrencyHelpers: ca2594e10749655f42baf5468212be83d2f94fe3
  SwiftNIOCore: 9deed6620f80c7c82e8e2c2ffb9864495416d892
  SwiftNIOEmbedded: b7ccf12b402dff35a5d4356990a6253621e4337d
  SwiftNIOExtras: 481f74d6bf0b0ef699905ed66439cb019c4975c9
  SwiftNIOFoundationCompat: d3b888766e7c67354a4e4e145d38edf9586efa0c
  SwiftNIOHPACK: 38e855a72ae0c5176485ddd039b3933b99daa2b7
  SwiftNIOHTTP1: 349a16aae363250cd49f430a9fdb93cff518adfa
  SwiftNIOHTTP2: de7eff9d32fd347338f85b86c6fd0e13c3fbd1a0
  SwiftNIOPosix: e4988a8dcfd5a6319bde219d7a3d0acc5fbe7a89
  SwiftNIOSSL: d153c5a6fc5b2301b0519b4c4d037a9414212da6
  SwiftNIOTLS: 1b8290ec775238ccc714ed842d929494df95a2c2
  SwiftNIOTransportServices: 0b2b407819d82eb63af558c5396e33c945759503
  SwiftProtobuf: 6ef3f0e422ef90d6605ca20b21a94f6c1324d6b3

PODFILE CHECKSUM: 7d2f58823b670a258c26e93d3ab390010eb33536

COCOAPODS: 1.11.2
