{
  "originHash" : "8cdd7f86cc864cf8073f49fc2434f50c4ee379a28afb93e91accce6834481382",
  "pins" : [
    {
      "identity" : "libmobilecoin",
      "kind" : "remoteSourceControl",
      "location" : "https://github.com/mobilecoinofficial/libmobilecoin.git",
      "state" : {
        "revision" : "d30fc09e0603fd84f738f6242bd886e919a82ddb",
        "version" : "6.2.0"
      }
    },
    {
      "identity" : "swift-protobuf",
      "kind" : "remoteSourceControl",
      "location" : "https://github.com/apple/swift-protobuf.git",
      "state" : {
        "revision" : "81558271e243f8f47dfe8e9fdd55f3c2b5413f68",
        "version" : "1.37.0"
      }
    }
  ],
  "version" : 3
}
