PODS:
  - Keys (1.0.1)
  - LibMobileCoin/CoreHTTP (4.0.0-pre1):
    - SwiftProtobuf (~> 1.5)
  - Logging (1.4.0)
  - MobileCoin (4.0.0-pre1)
  - MobileCoin/CoreHTTP (4.0.0-pre1):
    - LibMobileCoin/CoreHTTP (~> 4.0.0-pre1)
    - Logging (~> 1.4)
    - SwiftLint
  - MobileCoin/CoreHTTP/HttpProtocolUnitTests (4.0.0-pre1):
    - LibMobileCoin/CoreHTTP (~> 4.0.0-pre1)
    - Logging (~> 1.4)
    - SwiftLint
  - MobileCoin/IntegrationTests (4.0.0-pre1)
  - MobileCoin/PerformanceTests (4.0.0-pre1)
  - MobileCoin/Tests (4.0.0-pre1)
  - SwiftLint (0.47.1)
  - SwiftProtobuf (1.19.0)

DEPENDENCIES:
  - Keys (from `Pods/CocoaPodsKeys`)
  - LibMobileCoin/CoreHTTP (from `../Vendor/libmobilecoin-ios-artifacts`)
  - MobileCoin (from `..`)
  - MobileCoin/CoreHTTP (from `..`)
  - MobileCoin/CoreHTTP/HttpProtocolUnitTests (from `..`)
  - MobileCoin/IntegrationTests (from `..`)
  - MobileCoin/PerformanceTests (from `..`)
  - MobileCoin/Tests (from `..`)
  - SwiftLint
  - SwiftProtobuf

SPEC REPOS:
  trunk:
    - Logging
    - SwiftLint
    - SwiftProtobuf

EXTERNAL SOURCES:
  Keys:
    :path: Pods/CocoaPodsKeys
  LibMobileCoin:
    :path: "../Vendor/libmobilecoin-ios-artifacts"
  MobileCoin:
    :path: ".."

SPEC CHECKSUMS:
  Keys: a576f4c9c1c641ca913a959a9c62ed3f215a8de9
  LibMobileCoin: cc737c98a2de72058bd1fbb1e2b9ec89b4fc3727
  Logging: beeb016c9c80cf77042d62e83495816847ef108b
  MobileCoin: 096c73301250f95d8c8a08d78ab6ec26945edd01
  SwiftLint: f80f1be7fa96d30e0aa68e58d45d4ea1ccaac519
  SwiftProtobuf: 6ef3f0e422ef90d6605ca20b21a94f6c1324d6b3

PODFILE CHECKSUM: 516eab52e21a10b4cbdd9f001de5998c97fc3740

COCOAPODS: 1.11.3
