PODS:
  - Keys (1.0.1)
  - LibMobileCoin/CoreHTTP (6.1.0):
    - SwiftProtobuf (< 1.38, >= 1.36.1)
  - LibMobileCoin/TestVectors (6.1.0)
  - MobileCoin (6.1.0)
  - MobileCoin/CoreHTTP (6.1.0):
    - LibMobileCoin/CoreHTTP (< 7.0, >= 6.1.0)
    - SwiftLint
    - SwiftProtobuf (~> 1.28)
  - MobileCoin/CoreHTTP/HttpProtocolUnitTests (6.1.0):
    - LibMobileCoin/CoreHTTP (< 7.0, >= 6.1.0)
    - SwiftLint
    - SwiftProtobuf (~> 1.28)
  - MobileCoin/IntegrationNonTransactingTests (6.1.0)
  - MobileCoin/IntegrationTransactingTests (6.1.0)
  - MobileCoin/PerformanceTests (6.1.0)
  - MobileCoin/Tests (6.1.0):
    - LibMobileCoin/TestVectors (< 7.0, >= 6.1.0)
  - SwiftLint (0.47.1)
  - SwiftProtobuf (1.37.0)

DEPENDENCIES:
  - Keys (from `Pods/CocoaPodsKeys`)
  - LibMobileCoin/CoreHTTP (from `https://github.com/mobilecoinofficial/libmobilecoin.git`, tag `v6.1.0`)
  - MobileCoin (from `..`)
  - MobileCoin/CoreHTTP (from `..`)
  - MobileCoin/CoreHTTP/HttpProtocolUnitTests (from `..`)
  - MobileCoin/IntegrationNonTransactingTests (from `..`)
  - MobileCoin/IntegrationTransactingTests (from `..`)
  - MobileCoin/PerformanceTests (from `..`)
  - MobileCoin/Tests (from `..`)
  - SwiftLint
  - SwiftProtobuf

SPEC REPOS:
  trunk:
    - SwiftLint
    - SwiftProtobuf

EXTERNAL SOURCES:
  Keys:
    :path: Pods/CocoaPodsKeys
  LibMobileCoin:
    :git: https://github.com/mobilecoinofficial/libmobilecoin.git
    :tag: v6.1.0
  MobileCoin:
    :path: ".."

CHECKOUT OPTIONS:
  LibMobileCoin:
    :git: https://github.com/mobilecoinofficial/libmobilecoin.git
    :tag: v6.1.0

SPEC CHECKSUMS:
  Keys: a576f4c9c1c641ca913a959a9c62ed3f215a8de9
  LibMobileCoin: 966c1694581ebd50da6623c499ed18c0e1bbe211
  MobileCoin: d365e240bd971ecbb1aaf7d179d5f3d40726c068
  SwiftLint: f80f1be7fa96d30e0aa68e58d45d4ea1ccaac519
  SwiftProtobuf: 3fafd1b2fb97e6d95ad9c8adb2215da9afec7c83

PODFILE CHECKSUM: 5de143f2f1f25ab3715302f90a8ee1d4e7bdecdc

COCOAPODS: 1.16.2
