PODS:
  - Keys (1.0.1)
  - LibMobileCoin/CoreHTTP (4.1.4):
    - SwiftProtobuf (~> 1.5)
  - Logging (1.4.0)
  - MobileCoin (4.1.4)
  - MobileCoin/CoreHTTP (4.1.4):
    - LibMobileCoin/CoreHTTP (~> 4.1.4)
    - Logging (~> 1.4)
    - SwiftLint
  - MobileCoin/CoreHTTP/HttpProtocolUnitTests (4.1.4):
    - LibMobileCoin/CoreHTTP (~> 4.1.4)
    - Logging (~> 1.4)
    - SwiftLint
  - MobileCoin/IntegrationNonTransactingTests (4.1.4)
  - MobileCoin/IntegrationTransactingTests (4.1.4)
  - MobileCoin/PerformanceTests (4.1.4)
  - MobileCoin/Tests (4.1.4)
  - SwiftLint (0.47.1)
  - SwiftProtobuf (1.19.0)

DEPENDENCIES:
  - Keys (from `Pods/CocoaPodsKeys`)
  - LibMobileCoin/CoreHTTP (from `../Vendor/libmobilecoin-ios-artifacts`)
  - MobileCoin (from `..`)
  - MobileCoin/CoreHTTP (from `..`)
  - MobileCoin/CoreHTTP/HttpProtocolUnitTests (from `..`)
  - MobileCoin/IntegrationNonTransactingTests (from `..`)
  - MobileCoin/IntegrationTransactingTests (from `..`)
  - MobileCoin/PerformanceTests (from `..`)
  - MobileCoin/Tests (from `..`)
  - SwiftLint
  - SwiftProtobuf

SPEC REPOS:
  trunk:
    - Logging
    - SwiftLint
    - SwiftProtobuf

EXTERNAL SOURCES:
  Keys:
    :path: Pods/CocoaPodsKeys
  LibMobileCoin:
    :path: "../Vendor/libmobilecoin-ios-artifacts"
  MobileCoin:
    :path: ".."

SPEC CHECKSUMS:
  Keys: a576f4c9c1c641ca913a959a9c62ed3f215a8de9
  LibMobileCoin: beb1d56d653945f594fec2729b1248a05d2f2054
  Logging: beeb016c9c80cf77042d62e83495816847ef108b
  MobileCoin: 135f1697687ccec79ddc22f88969e97da9875e10
  SwiftLint: f80f1be7fa96d30e0aa68e58d45d4ea1ccaac519
  SwiftProtobuf: 6ef3f0e422ef90d6605ca20b21a94f6c1324d6b3

PODFILE CHECKSUM: 7e688ed0e402899ce8718dbad0cd6d67dedcfcb5

COCOAPODS: 1.11.3
