PODS:
  - LibMobileCoin/CoreHTTP (6.1.0):
    - SwiftProtobuf (< 1.38, >= 1.36.1)
  - MobileCoin/CoreHTTP (6.1.0):
    - LibMobileCoin/CoreHTTP (< 7.0, >= 6.1.0)
    - SwiftProtobuf (< 1.38, >= 1.36)
  - SwiftProtobuf (1.37.0)

DEPENDENCIES:
  - LibMobileCoin/CoreHTTP (from `https://github.com/mobilecoinofficial/libmobilecoin.git`, tag `v6.1.0`)
  - MobileCoin/CoreHTTP (from `../..`)

SPEC REPOS:
  trunk:
    - SwiftProtobuf

EXTERNAL SOURCES:
  LibMobileCoin:
    :git: https://github.com/mobilecoinofficial/libmobilecoin.git
    :tag: v6.1.0
  MobileCoin:
    :path: "../.."

CHECKOUT OPTIONS:
  LibMobileCoin:
    :git: https://github.com/mobilecoinofficial/libmobilecoin.git
    :tag: v6.1.0

SPEC CHECKSUMS:
  LibMobileCoin: 966c1694581ebd50da6623c499ed18c0e1bbe211
  MobileCoin: cb5fe0f752d148ea1e87e55574c0b9494c4f4592
  SwiftProtobuf: 3fafd1b2fb97e6d95ad9c8adb2215da9afec7c83

PODFILE CHECKSUM: 5c055f22b95135ea452cfde8255b3684f15d4b62

COCOAPODS: 1.17.0
